
Microsoft Visual Studio Solution File, Format Version 12.00
# Visual Studio Version 17
VisualStudioVersion = 17.8.34511.84
MinimumVisualStudioVersion = 10.0.40219.1
Project("{FAE04EC0-301F-11D3-BF4B-00C04F79EFBC}") = "session02", "session02\session02.csproj", "{4613323B-234A-4215-B88B-21F148D53465}"
EndProject
Global
	GlobalSection(SolutionConfigurationPlatforms) = preSolution
		Debug|Any CPU = Debug|Any CPU
		Release|Any CPU = Release|Any CPU
	EndGlobalSection
	GlobalSection(ProjectConfigurationPlatforms) = postSolution
		{4613323B-234A-4215-B88B-21F148D53465}.Debug|Any CPU.ActiveCfg = Debug|Any CPU
		{4613323B-234A-4215-B88B-21F148D53465}.Debug|Any CPU.Build.0 = Debug|Any CPU
		{4613323B-234A-4215-B88B-21F148D53465}.Release|Any CPU.ActiveCfg = Release|Any CPU
		{4613323B-234A-4215-B88B-21F148D53465}.Release|Any CPU.Build.0 = Release|Any CPU
	EndGlobalSection
	GlobalSection(SolutionProperties) = preSolution
		HideSolutionNode = FALSE
	EndGlobalSection
	GlobalSection(ExtensibilityGlobals) = postSolution
		SolutionGuid = {070FEC49-6DDE-4447-AEB8-DD825788FBA9}
	EndGlobalSection
EndGlobal
